
Microsoft Visual Studio Solution File, Format Version 12.00
# Visual Studio 15
VisualStudioVersion = 15.0.27004.2009
MinimumVisualStudioVersion = 10.0.40219.1
Project("{8BC9CEB8-8B4A-11D0-8D11-00A0C91BC942}") = "FourierFieldSolver", "FourierFieldSolver\FourierFieldSolver.vcxproj", "{9F8AAE47-778F-4D46-8CD3-08BBA3E969BF}"
EndProject
Project("{8BC9CEB8-8B4A-11D0-8D11-00A0C91BC942}") = "gtest", "gtest\gtest.vcxproj", "{41744FBE-DB62-4E66-A109-986F0148EE29}"
EndProject
Project("{8BC9CEB8-8B4A-11D0-8D11-00A0C91BC942}") = "tests", "Tests\tests.vcxproj", "{42D0A798-89EC-4D86-9C55-6C71309A5905}"
	ProjectSection(ProjectDependencies) = postProject
		{9F8AAE47-778F-4D46-8CD3-08BBA3E969BF} = {9F8AAE47-778F-4D46-8CD3-08BBA3E969BF}
		{41744FBE-DB62-4E66-A109-986F0148EE29} = {41744FBE-DB62-4E66-A109-986F0148EE29}
	EndProjectSection
EndProject
Project("{2150E333-8FDC-42A3-9474-1A3956D46DE8}") = "ParallelTests", "ParallelTests", "{955B92A7-8C59-499D-8BBF-CB426621DF18}"
EndProject
Project("{8BC9CEB8-8B4A-11D0-8D11-00A0C91BC942}") = "ParallelFieldSolver_RunningWave", "ParallelFieldSolver_RunningWave\ParallelFieldSolver_RunningWave.vcxproj", "{79488128-224B-4621-BF36-0AF6BCBD5B3A}"
EndProject
Project("{8BC9CEB8-8B4A-11D0-8D11-00A0C91BC942}") = "ParallelFieldSolver_SphericalWave", "ParallelFieldSolver_SphericalWave\ParallelFieldSolver_SphericalWave.vcxproj", "{79A06853-3B4F-4529-B843-895101BA0EBA}"
EndProject
Project("{2150E333-8FDC-42A3-9474-1A3956D46DE8}") = "ConsistentTests", "ConsistentTests", "{D8275224-DDFA-42A4-927E-824AFC3B492C}"
EndProject
Project("{8BC9CEB8-8B4A-11D0-8D11-00A0C91BC942}") = "ConsistentFieldSolver_RunningWave", "ConsistentFieldSolver_RunningWave\ConsistentFieldSolver_RunningWave.vcxproj", "{8B3B2147-F05F-411A-93D5-5A2E47D0A874}"
EndProject
Project("{8BC9CEB8-8B4A-11D0-8D11-00A0C91BC942}") = "ConsistentFieldSolver_SphericalWave", "ConsistentFieldSolver_SphericalWave\ConsistentFieldSolver_SphericalWave.vcxproj", "{15A70595-7BE6-4A78-86B1-714B9DD40032}"
EndProject
Global
	GlobalSection(SolutionConfigurationPlatforms) = preSolution
		Debug|x64 = Debug|x64
		Debug|x86 = Debug|x86
		Release|x64 = Release|x64
		Release|x86 = Release|x86
	EndGlobalSection
	GlobalSection(ProjectConfigurationPlatforms) = postSolution
		{9F8AAE47-778F-4D46-8CD3-08BBA3E969BF}.Debug|x64.ActiveCfg = Debug|x64
		{9F8AAE47-778F-4D46-8CD3-08BBA3E969BF}.Debug|x64.Build.0 = Debug|x64
		{9F8AAE47-778F-4D46-8CD3-08BBA3E969BF}.Debug|x86.ActiveCfg = Debug|Win32
		{9F8AAE47-778F-4D46-8CD3-08BBA3E969BF}.Debug|x86.Build.0 = Debug|Win32
		{9F8AAE47-778F-4D46-8CD3-08BBA3E969BF}.Release|x64.ActiveCfg = Release|x64
		{9F8AAE47-778F-4D46-8CD3-08BBA3E969BF}.Release|x64.Build.0 = Release|x64
		{9F8AAE47-778F-4D46-8CD3-08BBA3E969BF}.Release|x86.ActiveCfg = Release|Win32
		{9F8AAE47-778F-4D46-8CD3-08BBA3E969BF}.Release|x86.Build.0 = Release|Win32
		{41744FBE-DB62-4E66-A109-986F0148EE29}.Debug|x64.ActiveCfg = Debug|x64
		{41744FBE-DB62-4E66-A109-986F0148EE29}.Debug|x64.Build.0 = Debug|x64
		{41744FBE-DB62-4E66-A109-986F0148EE29}.Debug|x86.ActiveCfg = Debug|Win32
		{41744FBE-DB62-4E66-A109-986F0148EE29}.Debug|x86.Build.0 = Debug|Win32
		{41744FBE-DB62-4E66-A109-986F0148EE29}.Release|x64.ActiveCfg = Release|x64
		{41744FBE-DB62-4E66-A109-986F0148EE29}.Release|x64.Build.0 = Release|x64
		{41744FBE-DB62-4E66-A109-986F0148EE29}.Release|x86.ActiveCfg = Release|Win32
		{41744FBE-DB62-4E66-A109-986F0148EE29}.Release|x86.Build.0 = Release|Win32
		{42D0A798-89EC-4D86-9C55-6C71309A5905}.Debug|x64.ActiveCfg = Debug|x64
		{42D0A798-89EC-4D86-9C55-6C71309A5905}.Debug|x64.Build.0 = Debug|x64
		{42D0A798-89EC-4D86-9C55-6C71309A5905}.Debug|x86.ActiveCfg = Debug|Win32
		{42D0A798-89EC-4D86-9C55-6C71309A5905}.Debug|x86.Build.0 = Debug|Win32
		{42D0A798-89EC-4D86-9C55-6C71309A5905}.Release|x64.ActiveCfg = Release|x64
		{42D0A798-89EC-4D86-9C55-6C71309A5905}.Release|x64.Build.0 = Release|x64
		{42D0A798-89EC-4D86-9C55-6C71309A5905}.Release|x86.ActiveCfg = Release|Win32
		{42D0A798-89EC-4D86-9C55-6C71309A5905}.Release|x86.Build.0 = Release|Win32
		{79488128-224B-4621-BF36-0AF6BCBD5B3A}.Debug|x64.ActiveCfg = Debug|x64
		{79488128-224B-4621-BF36-0AF6BCBD5B3A}.Debug|x64.Build.0 = Debug|x64
		{79488128-224B-4621-BF36-0AF6BCBD5B3A}.Debug|x86.ActiveCfg = Debug|Win32
		{79488128-224B-4621-BF36-0AF6BCBD5B3A}.Debug|x86.Build.0 = Debug|Win32
		{79488128-224B-4621-BF36-0AF6BCBD5B3A}.Release|x64.ActiveCfg = Release|x64
		{79488128-224B-4621-BF36-0AF6BCBD5B3A}.Release|x64.Build.0 = Release|x64
		{79488128-224B-4621-BF36-0AF6BCBD5B3A}.Release|x86.ActiveCfg = Release|Win32
		{79488128-224B-4621-BF36-0AF6BCBD5B3A}.Release|x86.Build.0 = Release|Win32
		{79A06853-3B4F-4529-B843-895101BA0EBA}.Debug|x64.ActiveCfg = Debug|x64
		{79A06853-3B4F-4529-B843-895101BA0EBA}.Debug|x64.Build.0 = Debug|x64
		{79A06853-3B4F-4529-B843-895101BA0EBA}.Debug|x86.ActiveCfg = Debug|Win32
		{79A06853-3B4F-4529-B843-895101BA0EBA}.Debug|x86.Build.0 = Debug|Win32
		{79A06853-3B4F-4529-B843-895101BA0EBA}.Release|x64.ActiveCfg = Release|x64
		{79A06853-3B4F-4529-B843-895101BA0EBA}.Release|x64.Build.0 = Release|x64
		{79A06853-3B4F-4529-B843-895101BA0EBA}.Release|x86.ActiveCfg = Release|Win32
		{79A06853-3B4F-4529-B843-895101BA0EBA}.Release|x86.Build.0 = Release|Win32
		{8B3B2147-F05F-411A-93D5-5A2E47D0A874}.Debug|x64.ActiveCfg = Debug|x64
		{8B3B2147-F05F-411A-93D5-5A2E47D0A874}.Debug|x64.Build.0 = Debug|x64
		{8B3B2147-F05F-411A-93D5-5A2E47D0A874}.Debug|x86.ActiveCfg = Debug|Win32
		{8B3B2147-F05F-411A-93D5-5A2E47D0A874}.Debug|x86.Build.0 = Debug|Win32
		{8B3B2147-F05F-411A-93D5-5A2E47D0A874}.Release|x64.ActiveCfg = Release|x64
		{8B3B2147-F05F-411A-93D5-5A2E47D0A874}.Release|x64.Build.0 = Release|x64
		{8B3B2147-F05F-411A-93D5-5A2E47D0A874}.Release|x86.ActiveCfg = Release|Win32
		{8B3B2147-F05F-411A-93D5-5A2E47D0A874}.Release|x86.Build.0 = Release|Win32
		{15A70595-7BE6-4A78-86B1-714B9DD40032}.Debug|x64.ActiveCfg = Debug|x64
		{15A70595-7BE6-4A78-86B1-714B9DD40032}.Debug|x64.Build.0 = Debug|x64
		{15A70595-7BE6-4A78-86B1-714B9DD40032}.Debug|x86.ActiveCfg = Debug|Win32
		{15A70595-7BE6-4A78-86B1-714B9DD40032}.Debug|x86.Build.0 = Debug|Win32
		{15A70595-7BE6-4A78-86B1-714B9DD40032}.Release|x64.ActiveCfg = Release|x64
		{15A70595-7BE6-4A78-86B1-714B9DD40032}.Release|x64.Build.0 = Release|x64
		{15A70595-7BE6-4A78-86B1-714B9DD40032}.Release|x86.ActiveCfg = Release|Win32
		{15A70595-7BE6-4A78-86B1-714B9DD40032}.Release|x86.Build.0 = Release|Win32
	EndGlobalSection
	GlobalSection(SolutionProperties) = preSolution
		HideSolutionNode = FALSE
	EndGlobalSection
	GlobalSection(NestedProjects) = preSolution
		{79488128-224B-4621-BF36-0AF6BCBD5B3A} = {955B92A7-8C59-499D-8BBF-CB426621DF18}
		{79A06853-3B4F-4529-B843-895101BA0EBA} = {955B92A7-8C59-499D-8BBF-CB426621DF18}
		{8B3B2147-F05F-411A-93D5-5A2E47D0A874} = {D8275224-DDFA-42A4-927E-824AFC3B492C}
		{15A70595-7BE6-4A78-86B1-714B9DD40032} = {D8275224-DDFA-42A4-927E-824AFC3B492C}
	EndGlobalSection
	GlobalSection(ExtensibilityGlobals) = postSolution
		SolutionGuid = {47F7BAAC-837B-43A7-9B3B-27DF4DCC2858}
	EndGlobalSection
EndGlobal
