
Microsoft Visual Studio Solution File, Format Version 12.00
# Visual Studio 15
VisualStudioVersion = 15.0.27004.2009
MinimumVisualStudioVersion = 10.0.40219.1
Project("{8BC9CEB8-8B4A-11D0-8D11-00A0C91BC942}") = "FourierFieldSolver", "FourierFieldSolver\FourierFieldSolver.vcxproj", "{DC88F14C-5B73-4087-8C35-9424C4786104}"
EndProject
Project("{8BC9CEB8-8B4A-11D0-8D11-00A0C91BC942}") = "Tests", "Tests\Tests.vcxproj", "{05924940-7489-432F-91B4-A3626C515246}"
	ProjectSection(ProjectDependencies) = postProject
		{DC88F14C-5B73-4087-8C35-9424C4786104} = {DC88F14C-5B73-4087-8C35-9424C4786104}
		{D96279B4-456C-452F-AD7E-2E316F34B457} = {D96279B4-456C-452F-AD7E-2E316F34B457}
	EndProjectSection
EndProject
Project("{8BC9CEB8-8B4A-11D0-8D11-00A0C91BC942}") = "gtest", "gtest\gtest.vcxproj", "{D96279B4-456C-452F-AD7E-2E316F34B457}"
EndProject
Global
	GlobalSection(SolutionConfigurationPlatforms) = preSolution
		Debug|x64 = Debug|x64
		Debug|x86 = Debug|x86
		Release|x64 = Release|x64
		Release|x86 = Release|x86
	EndGlobalSection
	GlobalSection(ProjectConfigurationPlatforms) = postSolution
		{DC88F14C-5B73-4087-8C35-9424C4786104}.Debug|x64.ActiveCfg = Debug|x64
		{DC88F14C-5B73-4087-8C35-9424C4786104}.Debug|x64.Build.0 = Debug|x64
		{DC88F14C-5B73-4087-8C35-9424C4786104}.Debug|x86.ActiveCfg = Debug|Win32
		{DC88F14C-5B73-4087-8C35-9424C4786104}.Debug|x86.Build.0 = Debug|Win32
		{DC88F14C-5B73-4087-8C35-9424C4786104}.Release|x64.ActiveCfg = Release|x64
		{DC88F14C-5B73-4087-8C35-9424C4786104}.Release|x64.Build.0 = Release|x64
		{DC88F14C-5B73-4087-8C35-9424C4786104}.Release|x86.ActiveCfg = Release|Win32
		{DC88F14C-5B73-4087-8C35-9424C4786104}.Release|x86.Build.0 = Release|Win32
		{05924940-7489-432F-91B4-A3626C515246}.Debug|x64.ActiveCfg = Debug|x64
		{05924940-7489-432F-91B4-A3626C515246}.Debug|x64.Build.0 = Debug|x64
		{05924940-7489-432F-91B4-A3626C515246}.Debug|x86.ActiveCfg = Debug|Win32
		{05924940-7489-432F-91B4-A3626C515246}.Debug|x86.Build.0 = Debug|Win32
		{05924940-7489-432F-91B4-A3626C515246}.Release|x64.ActiveCfg = Release|x64
		{05924940-7489-432F-91B4-A3626C515246}.Release|x64.Build.0 = Release|x64
		{05924940-7489-432F-91B4-A3626C515246}.Release|x86.ActiveCfg = Release|Win32
		{05924940-7489-432F-91B4-A3626C515246}.Release|x86.Build.0 = Release|Win32
		{D96279B4-456C-452F-AD7E-2E316F34B457}.Debug|x64.ActiveCfg = Debug|x64
		{D96279B4-456C-452F-AD7E-2E316F34B457}.Debug|x64.Build.0 = Debug|x64
		{D96279B4-456C-452F-AD7E-2E316F34B457}.Debug|x86.ActiveCfg = Debug|Win32
		{D96279B4-456C-452F-AD7E-2E316F34B457}.Debug|x86.Build.0 = Debug|Win32
		{D96279B4-456C-452F-AD7E-2E316F34B457}.Release|x64.ActiveCfg = Release|x64
		{D96279B4-456C-452F-AD7E-2E316F34B457}.Release|x64.Build.0 = Release|x64
		{D96279B4-456C-452F-AD7E-2E316F34B457}.Release|x86.ActiveCfg = Release|Win32
		{D96279B4-456C-452F-AD7E-2E316F34B457}.Release|x86.Build.0 = Release|Win32
	EndGlobalSection
	GlobalSection(SolutionProperties) = preSolution
		HideSolutionNode = FALSE
	EndGlobalSection
	GlobalSection(ExtensibilityGlobals) = postSolution
		SolutionGuid = {47F7BAAC-837B-43A7-9B3B-27DF4DCC2858}
	EndGlobalSection
EndGlobal
